
Microsoft Visual Studio Solution File, Format Version 12.00
# Visual Studio Version 16
VisualStudioVersion = 16.0.29613.14
MinimumVisualStudioVersion = 10.0.40219.1
Project("{FAE04EC0-301F-11D3-BF4B-00C04F79EFBC}") = "BlazorDemoUI", "BlazorDemoUI\BlazorDemoUI.csproj", "{396FB8BD-0DF7-4C3E-AF3A-E9014DB397DB}"
EndProject
Project("{FAE04EC0-301F-11D3-BF4B-00C04F79EFBC}") = "DataAccessLibrary", "DataAccessLibrary\DataAccessLibrary.csproj", "{C72F0015-0E44-4181-8C91-7ECC66F10A6D}"
EndProject
Global
	GlobalSection(SolutionConfigurationPlatforms) = preSolution
		Debug|Any CPU = Debug|Any CPU
		Release|Any CPU = Release|Any CPU
	EndGlobalSection
	GlobalSection(ProjectConfigurationPlatforms) = postSolution
		{396FB8BD-0DF7-4C3E-AF3A-E9014DB397DB}.Debug|Any CPU.ActiveCfg = Debug|Any CPU
		{396FB8BD-0DF7-4C3E-AF3A-E9014DB397DB}.Debug|Any CPU.Build.0 = Debug|Any CPU
		{396FB8BD-0DF7-4C3E-AF3A-E9014DB397DB}.Release|Any CPU.ActiveCfg = Release|Any CPU
		{396FB8BD-0DF7-4C3E-AF3A-E9014DB397DB}.Release|Any CPU.Build.0 = Release|Any CPU
		{C72F0015-0E44-4181-8C91-7ECC66F10A6D}.Debug|Any CPU.ActiveCfg = Debug|Any CPU
		{C72F0015-0E44-4181-8C91-7ECC66F10A6D}.Debug|Any CPU.Build.0 = Debug|Any CPU
		{C72F0015-0E44-4181-8C91-7ECC66F10A6D}.Release|Any CPU.ActiveCfg = Release|Any CPU
		{C72F0015-0E44-4181-8C91-7ECC66F10A6D}.Release|Any CPU.Build.0 = Release|Any CPU
	EndGlobalSection
	GlobalSection(SolutionProperties) = preSolution
		HideSolutionNode = FALSE
	EndGlobalSection
	GlobalSection(ExtensibilityGlobals) = postSolution
		SolutionGuid = {3B7BC78E-3178-4775-A453-C31E3AEFFE2F}
	EndGlobalSection
EndGlobal
